{
  "name": "o_number_normalized",
  "version": "1.0.3",
  "lockfileVersion": 2,
  "requires": true,
  "packages": {
    "": {
      "name": "o_number_normalized",
      "version": "1.0.3",
      "license": "ISC",
      "dependencies": {
        "math_tau_module": "^1.0.3"
      }
    },
    "node_modules/math_tau_module": {
      "version": "1.0.3",
      "resolved": "https://registry.npmjs.org/math_tau_module/-/math_tau_module-1.0.3.tgz",
      "integrity": "sha512-o55YO229kkXjCwvyum97yyEVPZyDp9jhosmTycn+wha6n+LXhs4vq8GVAeubjnBEtqUqMRG+bZvwnbHqAiRRnQ=="
    }
  },
  "dependencies": {
    "math_tau_module": {
      "version": "1.0.3",
      "resolved": "https://registry.npmjs.org/math_tau_module/-/math_tau_module-1.0.3.tgz",
      "integrity": "sha512-o55YO229kkXjCwvyum97yyEVPZyDp9jhosmTycn+wha6n+LXhs4vq8GVAeubjnBEtqUqMRG+bZvwnbHqAiRRnQ=="
    }
  }
}
